
Microsoft Visual Studio Solution File, Format Version 12.00
# TcXaeShell Solution File, Format Version 11.00
VisualStudioVersion = 17.7.34302.85
MinimumVisualStudioVersion = 10.0.40219.1
Project("{B1E792BE-AA5F-4E3C-8C82-674BF9C0715B}") = "Tc3_Sample_Demo_Rack", "Tc3_Sample_Demo_Rack\Tc3_Sample_Demo_Rack.tsproj", "{E2B684CF-DAA7-44AB-B4B3-4D9337E4DC50}"
EndProject
Project("{FD9F1D59-E000-42F3-8744-88DE1BE93C06}") = "TwinCAT Measurement Axis", "TwinCAT Measurement Axis\TwinCAT Measurement Axis.tcmproj", "{847AE0C0-1177-47B7-9FC9-2C132BDD1F9E}"
EndProject
Project("{FE7A1B72-C5B7-4D7C-BB7D-76384D4DE8E1}") = "TwinCAT HMI Sample", "TwinCAT HMI Sample\TwinCAT HMI Sample.hmiproj", "{BC6FAAD1-CC70-479B-8678-1363CC662082}"
EndProject
Project("{BACAAE27-5D5D-4513-97FF-0FED82FEF961}") = "TwinCAT Database Server", "TwinCAT Database Server\TwinCAT Database Server.tcconnproj", "{0FC3DF83-FA38-48F1-ADA6-DEF16A2617ED}"
EndProject
Global
	GlobalSection(SolutionConfigurationPlatforms) = preSolution
		Debug|TwinCAT CE7 (ARMV7) = Debug|TwinCAT CE7 (ARMV7)
		Debug|TwinCAT HMI = Debug|TwinCAT HMI
		Debug|TwinCAT OS (ARMT2) = Debug|TwinCAT OS (ARMT2)
		Debug|TwinCAT RT (x64) = Debug|TwinCAT RT (x64)
		Debug|TwinCAT RT (x86) = Debug|TwinCAT RT (x86)
		Release|TwinCAT CE7 (ARMV7) = Release|TwinCAT CE7 (ARMV7)
		Release|TwinCAT HMI = Release|TwinCAT HMI
		Release|TwinCAT OS (ARMT2) = Release|TwinCAT OS (ARMT2)
		Release|TwinCAT RT (x64) = Release|TwinCAT RT (x64)
		Release|TwinCAT RT (x86) = Release|TwinCAT RT (x86)
	EndGlobalSection
	GlobalSection(ProjectConfigurationPlatforms) = postSolution
		{E2B684CF-DAA7-44AB-B4B3-4D9337E4DC50}.Debug|TwinCAT CE7 (ARMV7).ActiveCfg = Debug|TwinCAT CE7 (ARMV7)
		{E2B684CF-DAA7-44AB-B4B3-4D9337E4DC50}.Debug|TwinCAT CE7 (ARMV7).Build.0 = Debug|TwinCAT CE7 (ARMV7)
		{E2B684CF-DAA7-44AB-B4B3-4D9337E4DC50}.Debug|TwinCAT HMI.ActiveCfg = Debug|TwinCAT RT (x86)
		{E2B684CF-DAA7-44AB-B4B3-4D9337E4DC50}.Debug|TwinCAT OS (ARMT2).ActiveCfg = Debug|TwinCAT OS (ARMT2)
		{E2B684CF-DAA7-44AB-B4B3-4D9337E4DC50}.Debug|TwinCAT OS (ARMT2).Build.0 = Debug|TwinCAT OS (ARMT2)
		{E2B684CF-DAA7-44AB-B4B3-4D9337E4DC50}.Debug|TwinCAT RT (x64).ActiveCfg = Debug|TwinCAT RT (x64)
		{E2B684CF-DAA7-44AB-B4B3-4D9337E4DC50}.Debug|TwinCAT RT (x64).Build.0 = Debug|TwinCAT RT (x64)
		{E2B684CF-DAA7-44AB-B4B3-4D9337E4DC50}.Debug|TwinCAT RT (x86).ActiveCfg = Debug|TwinCAT RT (x86)
		{E2B684CF-DAA7-44AB-B4B3-4D9337E4DC50}.Debug|TwinCAT RT (x86).Build.0 = Debug|TwinCAT RT (x86)
		{E2B684CF-DAA7-44AB-B4B3-4D9337E4DC50}.Release|TwinCAT CE7 (ARMV7).ActiveCfg = Release|TwinCAT CE7 (ARMV7)
		{E2B684CF-DAA7-44AB-B4B3-4D9337E4DC50}.Release|TwinCAT CE7 (ARMV7).Build.0 = Release|TwinCAT CE7 (ARMV7)
		{E2B684CF-DAA7-44AB-B4B3-4D9337E4DC50}.Release|TwinCAT HMI.ActiveCfg = Release|TwinCAT RT (x86)
		{E2B684CF-DAA7-44AB-B4B3-4D9337E4DC50}.Release|TwinCAT OS (ARMT2).ActiveCfg = Release|TwinCAT OS (ARMT2)
		{E2B684CF-DAA7-44AB-B4B3-4D9337E4DC50}.Release|TwinCAT OS (ARMT2).Build.0 = Release|TwinCAT OS (ARMT2)
		{E2B684CF-DAA7-44AB-B4B3-4D9337E4DC50}.Release|TwinCAT RT (x64).ActiveCfg = Release|TwinCAT RT (x64)
		{E2B684CF-DAA7-44AB-B4B3-4D9337E4DC50}.Release|TwinCAT RT (x64).Build.0 = Release|TwinCAT RT (x64)
		{E2B684CF-DAA7-44AB-B4B3-4D9337E4DC50}.Release|TwinCAT RT (x86).ActiveCfg = Release|TwinCAT RT (x86)
		{E2B684CF-DAA7-44AB-B4B3-4D9337E4DC50}.Release|TwinCAT RT (x86).Build.0 = Release|TwinCAT RT (x86)
		{847AE0C0-1177-47B7-9FC9-2C132BDD1F9E}.Debug|TwinCAT CE7 (ARMV7).ActiveCfg = Debug|TwinCAT CE7 (ARMV7)
		{847AE0C0-1177-47B7-9FC9-2C132BDD1F9E}.Debug|TwinCAT HMI.ActiveCfg = Debug|TwinCAT RT (x86)
		{847AE0C0-1177-47B7-9FC9-2C132BDD1F9E}.Debug|TwinCAT OS (ARMT2).ActiveCfg = Debug|TwinCAT OS (ARMT2)
		{847AE0C0-1177-47B7-9FC9-2C132BDD1F9E}.Debug|TwinCAT RT (x64).ActiveCfg = Debug|TwinCAT RT (x64)
		{847AE0C0-1177-47B7-9FC9-2C132BDD1F9E}.Debug|TwinCAT RT (x86).ActiveCfg = Debug|TwinCAT RT (x86)
		{847AE0C0-1177-47B7-9FC9-2C132BDD1F9E}.Release|TwinCAT CE7 (ARMV7).ActiveCfg = Release|TwinCAT CE7 (ARMV7)
		{847AE0C0-1177-47B7-9FC9-2C132BDD1F9E}.Release|TwinCAT HMI.ActiveCfg = Release|TwinCAT RT (x86)
		{847AE0C0-1177-47B7-9FC9-2C132BDD1F9E}.Release|TwinCAT OS (ARMT2).ActiveCfg = Release|TwinCAT OS (ARMT2)
		{847AE0C0-1177-47B7-9FC9-2C132BDD1F9E}.Release|TwinCAT RT (x64).ActiveCfg = Release|TwinCAT RT (x64)
		{847AE0C0-1177-47B7-9FC9-2C132BDD1F9E}.Release|TwinCAT RT (x86).ActiveCfg = Release|TwinCAT RT (x86)
		{BC6FAAD1-CC70-479B-8678-1363CC662082}.Debug|TwinCAT CE7 (ARMV7).ActiveCfg = Debug|TwinCAT HMI
		{BC6FAAD1-CC70-479B-8678-1363CC662082}.Debug|TwinCAT HMI.ActiveCfg = Debug|TwinCAT HMI
		{BC6FAAD1-CC70-479B-8678-1363CC662082}.Debug|TwinCAT HMI.Build.0 = Debug|TwinCAT HMI
		{BC6FAAD1-CC70-479B-8678-1363CC662082}.Debug|TwinCAT OS (ARMT2).ActiveCfg = Debug|TwinCAT HMI
		{BC6FAAD1-CC70-479B-8678-1363CC662082}.Debug|TwinCAT RT (x64).ActiveCfg = Debug|TwinCAT HMI
		{BC6FAAD1-CC70-479B-8678-1363CC662082}.Debug|TwinCAT RT (x86).ActiveCfg = Debug|TwinCAT HMI
		{BC6FAAD1-CC70-479B-8678-1363CC662082}.Release|TwinCAT CE7 (ARMV7).ActiveCfg = Release|TwinCAT HMI
		{BC6FAAD1-CC70-479B-8678-1363CC662082}.Release|TwinCAT HMI.ActiveCfg = Release|TwinCAT HMI
		{BC6FAAD1-CC70-479B-8678-1363CC662082}.Release|TwinCAT HMI.Build.0 = Release|TwinCAT HMI
		{BC6FAAD1-CC70-479B-8678-1363CC662082}.Release|TwinCAT OS (ARMT2).ActiveCfg = Release|TwinCAT HMI
		{BC6FAAD1-CC70-479B-8678-1363CC662082}.Release|TwinCAT RT (x64).ActiveCfg = Release|TwinCAT HMI
		{BC6FAAD1-CC70-479B-8678-1363CC662082}.Release|TwinCAT RT (x86).ActiveCfg = Release|TwinCAT HMI
		{0FC3DF83-FA38-48F1-ADA6-DEF16A2617ED}.Debug|TwinCAT CE7 (ARMV7).ActiveCfg = Debug|TwinCAT CE7 (ARMV7)
		{0FC3DF83-FA38-48F1-ADA6-DEF16A2617ED}.Debug|TwinCAT HMI.ActiveCfg = Debug|TwinCAT OS (ARMT2)
		{0FC3DF83-FA38-48F1-ADA6-DEF16A2617ED}.Debug|TwinCAT OS (ARMT2).ActiveCfg = Debug|TwinCAT OS (ARMT2)
		{0FC3DF83-FA38-48F1-ADA6-DEF16A2617ED}.Debug|TwinCAT RT (x64).ActiveCfg = Debug|TwinCAT RT (x64)
		{0FC3DF83-FA38-48F1-ADA6-DEF16A2617ED}.Debug|TwinCAT RT (x86).ActiveCfg = Debug|TwinCAT RT (x86)
		{0FC3DF83-FA38-48F1-ADA6-DEF16A2617ED}.Release|TwinCAT CE7 (ARMV7).ActiveCfg = Release|TwinCAT CE7 (ARMV7)
		{0FC3DF83-FA38-48F1-ADA6-DEF16A2617ED}.Release|TwinCAT HMI.ActiveCfg = Release|TwinCAT OS (ARMT2)
		{0FC3DF83-FA38-48F1-ADA6-DEF16A2617ED}.Release|TwinCAT OS (ARMT2).ActiveCfg = Release|TwinCAT OS (ARMT2)
		{0FC3DF83-FA38-48F1-ADA6-DEF16A2617ED}.Release|TwinCAT RT (x64).ActiveCfg = Release|TwinCAT RT (x64)
		{0FC3DF83-FA38-48F1-ADA6-DEF16A2617ED}.Release|TwinCAT RT (x86).ActiveCfg = Release|TwinCAT RT (x86)
		{07E483BF-EC1E-4857-8E62-21F297DE72B1}.Debug|TwinCAT CE7 (ARMV7).ActiveCfg = Debug|TwinCAT CE7 (ARMV7)
		{07E483BF-EC1E-4857-8E62-21F297DE72B1}.Debug|TwinCAT CE7 (ARMV7).Build.0 = Debug|TwinCAT CE7 (ARMV7)
		{07E483BF-EC1E-4857-8E62-21F297DE72B1}.Debug|TwinCAT HMI.ActiveCfg = Debug|TwinCAT RT (x86)
		{07E483BF-EC1E-4857-8E62-21F297DE72B1}.Debug|TwinCAT OS (ARMT2).ActiveCfg = Debug|TwinCAT OS (ARMT2)
		{07E483BF-EC1E-4857-8E62-21F297DE72B1}.Debug|TwinCAT OS (ARMT2).Build.0 = Debug|TwinCAT OS (ARMT2)
		{07E483BF-EC1E-4857-8E62-21F297DE72B1}.Debug|TwinCAT RT (x64).ActiveCfg = Debug|TwinCAT RT (x64)
		{07E483BF-EC1E-4857-8E62-21F297DE72B1}.Debug|TwinCAT RT (x64).Build.0 = Debug|TwinCAT RT (x64)
		{07E483BF-EC1E-4857-8E62-21F297DE72B1}.Debug|TwinCAT RT (x86).ActiveCfg = Debug|TwinCAT RT (x86)
		{07E483BF-EC1E-4857-8E62-21F297DE72B1}.Debug|TwinCAT RT (x86).Build.0 = Debug|TwinCAT RT (x86)
		{07E483BF-EC1E-4857-8E62-21F297DE72B1}.Release|TwinCAT CE7 (ARMV7).ActiveCfg = Release|TwinCAT CE7 (ARMV7)
		{07E483BF-EC1E-4857-8E62-21F297DE72B1}.Release|TwinCAT CE7 (ARMV7).Build.0 = Release|TwinCAT CE7 (ARMV7)
		{07E483BF-EC1E-4857-8E62-21F297DE72B1}.Release|TwinCAT HMI.ActiveCfg = Release|TwinCAT RT (x86)
		{07E483BF-EC1E-4857-8E62-21F297DE72B1}.Release|TwinCAT OS (ARMT2).ActiveCfg = Release|TwinCAT OS (ARMT2)
		{07E483BF-EC1E-4857-8E62-21F297DE72B1}.Release|TwinCAT OS (ARMT2).Build.0 = Release|TwinCAT OS (ARMT2)
		{07E483BF-EC1E-4857-8E62-21F297DE72B1}.Release|TwinCAT RT (x64).ActiveCfg = Release|TwinCAT RT (x64)
		{07E483BF-EC1E-4857-8E62-21F297DE72B1}.Release|TwinCAT RT (x64).Build.0 = Release|TwinCAT RT (x64)
		{07E483BF-EC1E-4857-8E62-21F297DE72B1}.Release|TwinCAT RT (x86).ActiveCfg = Release|TwinCAT RT (x86)
		{07E483BF-EC1E-4857-8E62-21F297DE72B1}.Release|TwinCAT RT (x86).Build.0 = Release|TwinCAT RT (x86)
		{696B2B6C-5D52-42A3-B1CE-925663F045FE}.Debug|TwinCAT CE7 (ARMV7).ActiveCfg = Debug|TwinCAT CE7 (ARMV7)
		{696B2B6C-5D52-42A3-B1CE-925663F045FE}.Debug|TwinCAT CE7 (ARMV7).Build.0 = Debug|TwinCAT CE7 (ARMV7)
		{696B2B6C-5D52-42A3-B1CE-925663F045FE}.Debug|TwinCAT HMI.ActiveCfg = Debug|TwinCAT RT (x86)
		{696B2B6C-5D52-42A3-B1CE-925663F045FE}.Debug|TwinCAT OS (ARMT2).ActiveCfg = Debug|TwinCAT OS (ARMT2)
		{696B2B6C-5D52-42A3-B1CE-925663F045FE}.Debug|TwinCAT OS (ARMT2).Build.0 = Debug|TwinCAT OS (ARMT2)
		{696B2B6C-5D52-42A3-B1CE-925663F045FE}.Debug|TwinCAT RT (x64).ActiveCfg = Debug|TwinCAT RT (x64)
		{696B2B6C-5D52-42A3-B1CE-925663F045FE}.Debug|TwinCAT RT (x64).Build.0 = Debug|TwinCAT RT (x64)
		{696B2B6C-5D52-42A3-B1CE-925663F045FE}.Debug|TwinCAT RT (x86).ActiveCfg = Debug|TwinCAT RT (x86)
		{696B2B6C-5D52-42A3-B1CE-925663F045FE}.Debug|TwinCAT RT (x86).Build.0 = Debug|TwinCAT RT (x86)
		{696B2B6C-5D52-42A3-B1CE-925663F045FE}.Release|TwinCAT CE7 (ARMV7).ActiveCfg = Release|TwinCAT CE7 (ARMV7)
		{696B2B6C-5D52-42A3-B1CE-925663F045FE}.Release|TwinCAT CE7 (ARMV7).Build.0 = Release|TwinCAT CE7 (ARMV7)
		{696B2B6C-5D52-42A3-B1CE-925663F045FE}.Release|TwinCAT HMI.ActiveCfg = Release|TwinCAT RT (x86)
		{696B2B6C-5D52-42A3-B1CE-925663F045FE}.Release|TwinCAT OS (ARMT2).ActiveCfg = Release|TwinCAT OS (ARMT2)
		{696B2B6C-5D52-42A3-B1CE-925663F045FE}.Release|TwinCAT OS (ARMT2).Build.0 = Release|TwinCAT OS (ARMT2)
		{696B2B6C-5D52-42A3-B1CE-925663F045FE}.Release|TwinCAT RT (x64).ActiveCfg = Release|TwinCAT RT (x64)
		{696B2B6C-5D52-42A3-B1CE-925663F045FE}.Release|TwinCAT RT (x64).Build.0 = Release|TwinCAT RT (x64)
		{696B2B6C-5D52-42A3-B1CE-925663F045FE}.Release|TwinCAT RT (x86).ActiveCfg = Release|TwinCAT RT (x86)
		{696B2B6C-5D52-42A3-B1CE-925663F045FE}.Release|TwinCAT RT (x86).Build.0 = Release|TwinCAT RT (x86)
	EndGlobalSection
	GlobalSection(SolutionProperties) = preSolution
		HideSolutionNode = FALSE
	EndGlobalSection
	GlobalSection(ExtensibilityGlobals) = postSolution
		SolutionGuid = {2D01A199-EF8B-4406-A5E3-1C236BD4A8FE}
	EndGlobalSection
EndGlobal
